
Microsoft Visual Studio Solution File, Format Version 12.00
# Visual Studio Version 17
VisualStudioVersion = 17.14.36414.22 d17.14
MinimumVisualStudioVersion = 10.0.40219.1
Project("{FAE04EC0-301F-11D3-BF4B-00C04F79EFBC}") = "E-SysV0.01", "E-SysV0.01\E-SysV0.01.csproj", "{3A92A14A-04FD-4693-9038-5055713667A6}"
EndProject
Global
	GlobalSection(SolutionConfigurationPlatforms) = preSolution
		Debug|Any CPU = Debug|Any CPU
		Release|Any CPU = Release|Any CPU
	EndGlobalSection
	GlobalSection(ProjectConfigurationPlatforms) = postSolution
		{3A92A14A-04FD-4693-9038-5055713667A6}.Debug|Any CPU.ActiveCfg = Debug|Any CPU
		{3A92A14A-04FD-4693-9038-5055713667A6}.Debug|Any CPU.Build.0 = Debug|Any CPU
		{3A92A14A-04FD-4693-9038-5055713667A6}.Release|Any CPU.ActiveCfg = Release|Any CPU
		{3A92A14A-04FD-4693-9038-5055713667A6}.Release|Any CPU.Build.0 = Release|Any CPU
	EndGlobalSection
	GlobalSection(SolutionProperties) = preSolution
		HideSolutionNode = FALSE
	EndGlobalSection
	GlobalSection(ExtensibilityGlobals) = postSolution
		SolutionGuid = {8000041B-2F3F-428B-95C0-D64DF76F5615}
	EndGlobalSection
EndGlobal
